
Microsoft Visual Studio Solution File, Format Version 12.00
# Visual Studio Version 17
VisualStudioVersion = 17.10.35122.118
MinimumVisualStudioVersion = 10.0.40219.1
Project("{FAE04EC0-301F-11D3-BF4B-00C04F79EFBC}") = "StringArrayClass.tasks", "StringArrayClass.tasks\StringArrayClass.tasks.csproj", "{7D6CB449-E9F9-45A4-8898-58179F5EB551}"
EndProject
Global
	GlobalSection(SolutionConfigurationPlatforms) = preSolution
		Debug|Any CPU = Debug|Any CPU
		Release|Any CPU = Release|Any CPU
	EndGlobalSection
	GlobalSection(ProjectConfigurationPlatforms) = postSolution
		{7D6CB449-E9F9-45A4-8898-58179F5EB551}.Debug|Any CPU.ActiveCfg = Debug|Any CPU
		{7D6CB449-E9F9-45A4-8898-58179F5EB551}.Debug|Any CPU.Build.0 = Debug|Any CPU
		{7D6CB449-E9F9-45A4-8898-58179F5EB551}.Release|Any CPU.ActiveCfg = Release|Any CPU
		{7D6CB449-E9F9-45A4-8898-58179F5EB551}.Release|Any CPU.Build.0 = Release|Any CPU
	EndGlobalSection
	GlobalSection(SolutionProperties) = preSolution
		HideSolutionNode = FALSE
	EndGlobalSection
	GlobalSection(ExtensibilityGlobals) = postSolution
		SolutionGuid = {CAD22A90-4438-4729-B9FE-DCE25331ED40}
	EndGlobalSection
EndGlobal
